
Microsoft Visual Studio Solution File, Format Version 12.00
# Visual Studio 15
VisualStudioVersion = 15.0.28307.136
MinimumVisualStudioVersion = 10.0.40219.1
Project("{FAE04EC0-301F-11D3-BF4B-00C04F79EFBC}") = "graph_apps.Android", "graph_apps\graph_apps.Android\graph_apps.Android.csproj", "{599B5885-ED05-40BB-89E3-1CF16E6C90A3}"
EndProject
Project("{FAE04EC0-301F-11D3-BF4B-00C04F79EFBC}") = "graph_apps.iOS", "graph_apps\graph_apps.iOS\graph_apps.iOS.csproj", "{C1E58216-44C5-4E86-8D41-61D402D4387E}"
EndProject
Project("{FAE04EC0-301F-11D3-BF4B-00C04F79EFBC}") = "graph_apps.UWP", "graph_apps\graph_apps.UWP\graph_apps.UWP.csproj", "{1E2627A8-A976-4B64-B386-7085626BC141}"
EndProject
Project("{FAE04EC0-301F-11D3-BF4B-00C04F79EFBC}") = "graph_apps.MobileAppService", "graph_apps\graph_apps.MobileAppService\graph_apps.MobileAppService.csproj", "{EDABA6DF-D256-4EAD-8BC6-F4046E0B515F}"
EndProject
Project("{FAE04EC0-301F-11D3-BF4B-00C04F79EFBC}") = "graph_apps", "graph_apps\graph_apps\graph_apps.csproj", "{A9997BF6-674E-4CD7-995D-8F81FD10DF4E}"
EndProject
Global
	GlobalSection(SolutionConfigurationPlatforms) = preSolution
		Debug|Any CPU = Debug|Any CPU
		Debug|ARM = Debug|ARM
		Debug|iPhone = Debug|iPhone
		Debug|iPhoneSimulator = Debug|iPhoneSimulator
		Debug|x64 = Debug|x64
		Debug|x86 = Debug|x86
		Release|Any CPU = Release|Any CPU
		Release|ARM = Release|ARM
		Release|iPhone = Release|iPhone
		Release|iPhoneSimulator = Release|iPhoneSimulator
		Release|x64 = Release|x64
		Release|x86 = Release|x86
	EndGlobalSection
	GlobalSection(ProjectConfigurationPlatforms) = postSolution
		{599B5885-ED05-40BB-89E3-1CF16E6C90A3}.Debug|Any CPU.ActiveCfg = Debug|Any CPU
		{599B5885-ED05-40BB-89E3-1CF16E6C90A3}.Debug|Any CPU.Build.0 = Debug|Any CPU
		{599B5885-ED05-40BB-89E3-1CF16E6C90A3}.Debug|Any CPU.Deploy.0 = Debug|Any CPU
		{599B5885-ED05-40BB-89E3-1CF16E6C90A3}.Debug|ARM.ActiveCfg = Debug|Any CPU
		{599B5885-ED05-40BB-89E3-1CF16E6C90A3}.Debug|ARM.Build.0 = Debug|Any CPU
		{599B5885-ED05-40BB-89E3-1CF16E6C90A3}.Debug|ARM.Deploy.0 = Debug|Any CPU
		{599B5885-ED05-40BB-89E3-1CF16E6C90A3}.Debug|iPhone.ActiveCfg = Debug|Any CPU
		{599B5885-ED05-40BB-89E3-1CF16E6C90A3}.Debug|iPhone.Build.0 = Debug|Any CPU
		{599B5885-ED05-40BB-89E3-1CF16E6C90A3}.Debug|iPhone.Deploy.0 = Debug|Any CPU
		{599B5885-ED05-40BB-89E3-1CF16E6C90A3}.Debug|iPhoneSimulator.ActiveCfg = Debug|Any CPU
		{599B5885-ED05-40BB-89E3-1CF16E6C90A3}.Debug|iPhoneSimulator.Build.0 = Debug|Any CPU
		{599B5885-ED05-40BB-89E3-1CF16E6C90A3}.Debug|iPhoneSimulator.Deploy.0 = Debug|Any CPU
		{599B5885-ED05-40BB-89E3-1CF16E6C90A3}.Debug|x64.ActiveCfg = Debug|Any CPU
		{599B5885-ED05-40BB-89E3-1CF16E6C90A3}.Debug|x64.Build.0 = Debug|Any CPU
		{599B5885-ED05-40BB-89E3-1CF16E6C90A3}.Debug|x64.Deploy.0 = Debug|Any CPU
		{599B5885-ED05-40BB-89E3-1CF16E6C90A3}.Debug|x86.ActiveCfg = Debug|Any CPU
		{599B5885-ED05-40BB-89E3-1CF16E6C90A3}.Debug|x86.Build.0 = Debug|Any CPU
		{599B5885-ED05-40BB-89E3-1CF16E6C90A3}.Debug|x86.Deploy.0 = Debug|Any CPU
		{599B5885-ED05-40BB-89E3-1CF16E6C90A3}.Release|Any CPU.ActiveCfg = Release|Any CPU
		{599B5885-ED05-40BB-89E3-1CF16E6C90A3}.Release|Any CPU.Build.0 = Release|Any CPU
		{599B5885-ED05-40BB-89E3-1CF16E6C90A3}.Release|Any CPU.Deploy.0 = Release|Any CPU
		{599B5885-ED05-40BB-89E3-1CF16E6C90A3}.Release|ARM.ActiveCfg = Release|Any CPU
		{599B5885-ED05-40BB-89E3-1CF16E6C90A3}.Release|ARM.Build.0 = Release|Any CPU
		{599B5885-ED05-40BB-89E3-1CF16E6C90A3}.Release|ARM.Deploy.0 = Release|Any CPU
		{599B5885-ED05-40BB-89E3-1CF16E6C90A3}.Release|iPhone.ActiveCfg = Release|Any CPU
		{599B5885-ED05-40BB-89E3-1CF16E6C90A3}.Release|iPhone.Build.0 = Release|Any CPU
		{599B5885-ED05-40BB-89E3-1CF16E6C90A3}.Release|iPhone.Deploy.0 = Release|Any CPU
		{599B5885-ED05-40BB-89E3-1CF16E6C90A3}.Release|iPhoneSimulator.ActiveCfg = Release|Any CPU
		{599B5885-ED05-40BB-89E3-1CF16E6C90A3}.Release|iPhoneSimulator.Build.0 = Release|Any CPU
		{599B5885-ED05-40BB-89E3-1CF16E6C90A3}.Release|iPhoneSimulator.Deploy.0 = Release|Any CPU
		{599B5885-ED05-40BB-89E3-1CF16E6C90A3}.Release|x64.ActiveCfg = Release|Any CPU
		{599B5885-ED05-40BB-89E3-1CF16E6C90A3}.Release|x64.Build.0 = Release|Any CPU
		{599B5885-ED05-40BB-89E3-1CF16E6C90A3}.Release|x64.Deploy.0 = Release|Any CPU
		{599B5885-ED05-40BB-89E3-1CF16E6C90A3}.Release|x86.ActiveCfg = Release|Any CPU
		{599B5885-ED05-40BB-89E3-1CF16E6C90A3}.Release|x86.Build.0 = Release|Any CPU
		{599B5885-ED05-40BB-89E3-1CF16E6C90A3}.Release|x86.Deploy.0 = Release|Any CPU
		{C1E58216-44C5-4E86-8D41-61D402D4387E}.Debug|Any CPU.ActiveCfg = Debug|iPhoneSimulator
		{C1E58216-44C5-4E86-8D41-61D402D4387E}.Debug|Any CPU.Build.0 = Debug|iPhoneSimulator
		{C1E58216-44C5-4E86-8D41-61D402D4387E}.Debug|Any CPU.Deploy.0 = Debug|iPhoneSimulator
		{C1E58216-44C5-4E86-8D41-61D402D4387E}.Debug|ARM.ActiveCfg = Debug|iPhone
		{C1E58216-44C5-4E86-8D41-61D402D4387E}.Debug|ARM.Build.0 = Debug|iPhone
		{C1E58216-44C5-4E86-8D41-61D402D4387E}.Debug|ARM.Deploy.0 = Debug|iPhone
		{C1E58216-44C5-4E86-8D41-61D402D4387E}.Debug|iPhone.ActiveCfg = Debug|iPhone
		{C1E58216-44C5-4E86-8D41-61D402D4387E}.Debug|iPhone.Build.0 = Debug|iPhone
		{C1E58216-44C5-4E86-8D41-61D402D4387E}.Debug|iPhone.Deploy.0 = Debug|iPhone
		{C1E58216-44C5-4E86-8D41-61D402D4387E}.Debug|iPhoneSimulator.ActiveCfg = Debug|iPhoneSimulator
		{C1E58216-44C5-4E86-8D41-61D402D4387E}.Debug|iPhoneSimulator.Build.0 = Debug|iPhoneSimulator
		{C1E58216-44C5-4E86-8D41-61D402D4387E}.Debug|iPhoneSimulator.Deploy.0 = Debug|iPhoneSimulator
		{C1E58216-44C5-4E86-8D41-61D402D4387E}.Debug|x64.ActiveCfg = Debug|iPhone
		{C1E58216-44C5-4E86-8D41-61D402D4387E}.Debug|x64.Build.0 = Debug|iPhone
		{C1E58216-44C5-4E86-8D41-61D402D4387E}.Debug|x64.Deploy.0 = Debug|iPhone
		{C1E58216-44C5-4E86-8D41-61D402D4387E}.Debug|x86.ActiveCfg = Debug|iPhone
		{C1E58216-44C5-4E86-8D41-61D402D4387E}.Debug|x86.Build.0 = Debug|iPhone
		{C1E58216-44C5-4E86-8D41-61D402D4387E}.Debug|x86.Deploy.0 = Debug|iPhone
		{C1E58216-44C5-4E86-8D41-61D402D4387E}.Release|Any CPU.ActiveCfg = Release|iPhone
		{C1E58216-44C5-4E86-8D41-61D402D4387E}.Release|Any CPU.Build.0 = Release|iPhone
		{C1E58216-44C5-4E86-8D41-61D402D4387E}.Release|Any CPU.Deploy.0 = Release|iPhone
		{C1E58216-44C5-4E86-8D41-61D402D4387E}.Release|ARM.ActiveCfg = Release|iPhone
		{C1E58216-44C5-4E86-8D41-61D402D4387E}.Release|ARM.Build.0 = Release|iPhone
		{C1E58216-44C5-4E86-8D41-61D402D4387E}.Release|ARM.Deploy.0 = Release|iPhone
		{C1E58216-44C5-4E86-8D41-61D402D4387E}.Release|iPhone.ActiveCfg = Release|iPhone
		{C1E58216-44C5-4E86-8D41-61D402D4387E}.Release|iPhone.Build.0 = Release|iPhone
		{C1E58216-44C5-4E86-8D41-61D402D4387E}.Release|iPhone.Deploy.0 = Release|iPhone
		{C1E58216-44C5-4E86-8D41-61D402D4387E}.Release|iPhoneSimulator.ActiveCfg = Release|iPhoneSimulator
		{C1E58216-44C5-4E86-8D41-61D402D4387E}.Release|iPhoneSimulator.Build.0 = Release|iPhoneSimulator
		{C1E58216-44C5-4E86-8D41-61D402D4387E}.Release|iPhoneSimulator.Deploy.0 = Release|iPhoneSimulator
		{C1E58216-44C5-4E86-8D41-61D402D4387E}.Release|x64.ActiveCfg = Release|iPhone
		{C1E58216-44C5-4E86-8D41-61D402D4387E}.Release|x64.Build.0 = Release|iPhone
		{C1E58216-44C5-4E86-8D41-61D402D4387E}.Release|x64.Deploy.0 = Release|iPhone
		{C1E58216-44C5-4E86-8D41-61D402D4387E}.Release|x86.ActiveCfg = Release|iPhone
		{C1E58216-44C5-4E86-8D41-61D402D4387E}.Release|x86.Build.0 = Release|iPhone
		{C1E58216-44C5-4E86-8D41-61D402D4387E}.Release|x86.Deploy.0 = Release|iPhone
		{1E2627A8-A976-4B64-B386-7085626BC141}.Debug|Any CPU.ActiveCfg = Debug|x86
		{1E2627A8-A976-4B64-B386-7085626BC141}.Debug|Any CPU.Build.0 = Debug|x86
		{1E2627A8-A976-4B64-B386-7085626BC141}.Debug|Any CPU.Deploy.0 = Debug|x86
		{1E2627A8-A976-4B64-B386-7085626BC141}.Debug|ARM.ActiveCfg = Debug|ARM
		{1E2627A8-A976-4B64-B386-7085626BC141}.Debug|ARM.Build.0 = Debug|ARM
		{1E2627A8-A976-4B64-B386-7085626BC141}.Debug|ARM.Deploy.0 = Debug|ARM
		{1E2627A8-A976-4B64-B386-7085626BC141}.Debug|iPhone.ActiveCfg = Debug|x86
		{1E2627A8-A976-4B64-B386-7085626BC141}.Debug|iPhone.Build.0 = Debug|x86
		{1E2627A8-A976-4B64-B386-7085626BC141}.Debug|iPhone.Deploy.0 = Debug|x86
		{1E2627A8-A976-4B64-B386-7085626BC141}.Debug|iPhoneSimulator.ActiveCfg = Debug|x86
		{1E2627A8-A976-4B64-B386-7085626BC141}.Debug|iPhoneSimulator.Build.0 = Debug|x86
		{1E2627A8-A976-4B64-B386-7085626BC141}.Debug|iPhoneSimulator.Deploy.0 = Debug|x86
		{1E2627A8-A976-4B64-B386-7085626BC141}.Debug|x64.ActiveCfg = Debug|x64
		{1E2627A8-A976-4B64-B386-7085626BC141}.Debug|x64.Build.0 = Debug|x64
		{1E2627A8-A976-4B64-B386-7085626BC141}.Debug|x64.Deploy.0 = Debug|x64
		{1E2627A8-A976-4B64-B386-7085626BC141}.Debug|x86.ActiveCfg = Debug|x86
		{1E2627A8-A976-4B64-B386-7085626BC141}.Debug|x86.Build.0 = Debug|x86
		{1E2627A8-A976-4B64-B386-7085626BC141}.Debug|x86.Deploy.0 = Debug|x86
		{1E2627A8-A976-4B64-B386-7085626BC141}.Release|Any CPU.ActiveCfg = Release|x86
		{1E2627A8-A976-4B64-B386-7085626BC141}.Release|Any CPU.Build.0 = Release|x86
		{1E2627A8-A976-4B64-B386-7085626BC141}.Release|Any CPU.Deploy.0 = Release|x86
		{1E2627A8-A976-4B64-B386-7085626BC141}.Release|ARM.ActiveCfg = Release|ARM
		{1E2627A8-A976-4B64-B386-7085626BC141}.Release|ARM.Build.0 = Release|ARM
		{1E2627A8-A976-4B64-B386-7085626BC141}.Release|ARM.Deploy.0 = Release|ARM
		{1E2627A8-A976-4B64-B386-7085626BC141}.Release|iPhone.ActiveCfg = Release|x86
		{1E2627A8-A976-4B64-B386-7085626BC141}.Release|iPhone.Build.0 = Release|x86
		{1E2627A8-A976-4B64-B386-7085626BC141}.Release|iPhone.Deploy.0 = Release|x86
		{1E2627A8-A976-4B64-B386-7085626BC141}.Release|iPhoneSimulator.ActiveCfg = Release|x86
		{1E2627A8-A976-4B64-B386-7085626BC141}.Release|iPhoneSimulator.Build.0 = Release|x86
		{1E2627A8-A976-4B64-B386-7085626BC141}.Release|iPhoneSimulator.Deploy.0 = Release|x86
		{1E2627A8-A976-4B64-B386-7085626BC141}.Release|x64.ActiveCfg = Release|x64
		{1E2627A8-A976-4B64-B386-7085626BC141}.Release|x64.Build.0 = Release|x64
		{1E2627A8-A976-4B64-B386-7085626BC141}.Release|x64.Deploy.0 = Release|x64
		{1E2627A8-A976-4B64-B386-7085626BC141}.Release|x86.ActiveCfg = Release|x86
		{1E2627A8-A976-4B64-B386-7085626BC141}.Release|x86.Build.0 = Release|x86
		{1E2627A8-A976-4B64-B386-7085626BC141}.Release|x86.Deploy.0 = Release|x86
		{EDABA6DF-D256-4EAD-8BC6-F4046E0B515F}.Debug|Any CPU.ActiveCfg = Debug|Any CPU
		{EDABA6DF-D256-4EAD-8BC6-F4046E0B515F}.Debug|Any CPU.Build.0 = Debug|Any CPU
		{EDABA6DF-D256-4EAD-8BC6-F4046E0B515F}.Debug|Any CPU.Deploy.0 = Debug|Any CPU
		{EDABA6DF-D256-4EAD-8BC6-F4046E0B515F}.Debug|ARM.ActiveCfg = Debug|Any CPU
		{EDABA6DF-D256-4EAD-8BC6-F4046E0B515F}.Debug|ARM.Build.0 = Debug|Any CPU
		{EDABA6DF-D256-4EAD-8BC6-F4046E0B515F}.Debug|ARM.Deploy.0 = Debug|Any CPU
		{EDABA6DF-D256-4EAD-8BC6-F4046E0B515F}.Debug|iPhone.ActiveCfg = Debug|Any CPU
		{EDABA6DF-D256-4EAD-8BC6-F4046E0B515F}.Debug|iPhone.Build.0 = Debug|Any CPU
		{EDABA6DF-D256-4EAD-8BC6-F4046E0B515F}.Debug|iPhone.Deploy.0 = Debug|Any CPU
		{EDABA6DF-D256-4EAD-8BC6-F4046E0B515F}.Debug|iPhoneSimulator.ActiveCfg = Debug|Any CPU
		{EDABA6DF-D256-4EAD-8BC6-F4046E0B515F}.Debug|iPhoneSimulator.Build.0 = Debug|Any CPU
		{EDABA6DF-D256-4EAD-8BC6-F4046E0B515F}.Debug|iPhoneSimulator.Deploy.0 = Debug|Any CPU
		{EDABA6DF-D256-4EAD-8BC6-F4046E0B515F}.Debug|x64.ActiveCfg = Debug|Any CPU
		{EDABA6DF-D256-4EAD-8BC6-F4046E0B515F}.Debug|x64.Build.0 = Debug|Any CPU
		{EDABA6DF-D256-4EAD-8BC6-F4046E0B515F}.Debug|x64.Deploy.0 = Debug|Any CPU
		{EDABA6DF-D256-4EAD-8BC6-F4046E0B515F}.Debug|x86.ActiveCfg = Debug|Any CPU
		{EDABA6DF-D256-4EAD-8BC6-F4046E0B515F}.Debug|x86.Build.0 = Debug|Any CPU
		{EDABA6DF-D256-4EAD-8BC6-F4046E0B515F}.Debug|x86.Deploy.0 = Debug|Any CPU
		{EDABA6DF-D256-4EAD-8BC6-F4046E0B515F}.Release|Any CPU.ActiveCfg = Release|Any CPU
		{EDABA6DF-D256-4EAD-8BC6-F4046E0B515F}.Release|Any CPU.Build.0 = Release|Any CPU
		{EDABA6DF-D256-4EAD-8BC6-F4046E0B515F}.Release|Any CPU.Deploy.0 = Release|Any CPU
		{EDABA6DF-D256-4EAD-8BC6-F4046E0B515F}.Release|ARM.ActiveCfg = Release|Any CPU
		{EDABA6DF-D256-4EAD-8BC6-F4046E0B515F}.Release|ARM.Build.0 = Release|Any CPU
		{EDABA6DF-D256-4EAD-8BC6-F4046E0B515F}.Release|ARM.Deploy.0 = Release|Any CPU
		{EDABA6DF-D256-4EAD-8BC6-F4046E0B515F}.Release|iPhone.ActiveCfg = Release|Any CPU
		{EDABA6DF-D256-4EAD-8BC6-F4046E0B515F}.Release|iPhone.Build.0 = Release|Any CPU
		{EDABA6DF-D256-4EAD-8BC6-F4046E0B515F}.Release|iPhone.Deploy.0 = Release|Any CPU
		{EDABA6DF-D256-4EAD-8BC6-F4046E0B515F}.Release|iPhoneSimulator.ActiveCfg = Release|Any CPU
		{EDABA6DF-D256-4EAD-8BC6-F4046E0B515F}.Release|iPhoneSimulator.Build.0 = Release|Any CPU
		{EDABA6DF-D256-4EAD-8BC6-F4046E0B515F}.Release|iPhoneSimulator.Deploy.0 = Release|Any CPU
		{EDABA6DF-D256-4EAD-8BC6-F4046E0B515F}.Release|x64.ActiveCfg = Release|Any CPU
		{EDABA6DF-D256-4EAD-8BC6-F4046E0B515F}.Release|x64.Build.0 = Release|Any CPU
		{EDABA6DF-D256-4EAD-8BC6-F4046E0B515F}.Release|x64.Deploy.0 = Release|Any CPU
		{EDABA6DF-D256-4EAD-8BC6-F4046E0B515F}.Release|x86.ActiveCfg = Release|Any CPU
		{EDABA6DF-D256-4EAD-8BC6-F4046E0B515F}.Release|x86.Build.0 = Release|Any CPU
		{EDABA6DF-D256-4EAD-8BC6-F4046E0B515F}.Release|x86.Deploy.0 = Release|Any CPU
		{A9997BF6-674E-4CD7-995D-8F81FD10DF4E}.Debug|Any CPU.ActiveCfg = Debug|Any CPU
		{A9997BF6-674E-4CD7-995D-8F81FD10DF4E}.Debug|Any CPU.Build.0 = Debug|Any CPU
		{A9997BF6-674E-4CD7-995D-8F81FD10DF4E}.Debug|Any CPU.Deploy.0 = Debug|Any CPU
		{A9997BF6-674E-4CD7-995D-8F81FD10DF4E}.Debug|ARM.ActiveCfg = Debug|Any CPU
		{A9997BF6-674E-4CD7-995D-8F81FD10DF4E}.Debug|ARM.Build.0 = Debug|Any CPU
		{A9997BF6-674E-4CD7-995D-8F81FD10DF4E}.Debug|ARM.Deploy.0 = Debug|Any CPU
		{A9997BF6-674E-4CD7-995D-8F81FD10DF4E}.Debug|iPhone.ActiveCfg = Debug|Any CPU
		{A9997BF6-674E-4CD7-995D-8F81FD10DF4E}.Debug|iPhone.Build.0 = Debug|Any CPU
		{A9997BF6-674E-4CD7-995D-8F81FD10DF4E}.Debug|iPhone.Deploy.0 = Debug|Any CPU
		{A9997BF6-674E-4CD7-995D-8F81FD10DF4E}.Debug|iPhoneSimulator.ActiveCfg = Debug|Any CPU
		{A9997BF6-674E-4CD7-995D-8F81FD10DF4E}.Debug|iPhoneSimulator.Build.0 = Debug|Any CPU
		{A9997BF6-674E-4CD7-995D-8F81FD10DF4E}.Debug|iPhoneSimulator.Deploy.0 = Debug|Any CPU
		{A9997BF6-674E-4CD7-995D-8F81FD10DF4E}.Debug|x64.ActiveCfg = Debug|Any CPU
		{A9997BF6-674E-4CD7-995D-8F81FD10DF4E}.Debug|x64.Build.0 = Debug|Any CPU
		{A9997BF6-674E-4CD7-995D-8F81FD10DF4E}.Debug|x64.Deploy.0 = Debug|Any CPU
		{A9997BF6-674E-4CD7-995D-8F81FD10DF4E}.Debug|x86.ActiveCfg = Debug|Any CPU
		{A9997BF6-674E-4CD7-995D-8F81FD10DF4E}.Debug|x86.Build.0 = Debug|Any CPU
		{A9997BF6-674E-4CD7-995D-8F81FD10DF4E}.Debug|x86.Deploy.0 = Debug|Any CPU
		{A9997BF6-674E-4CD7-995D-8F81FD10DF4E}.Release|Any CPU.ActiveCfg = Release|Any CPU
		{A9997BF6-674E-4CD7-995D-8F81FD10DF4E}.Release|Any CPU.Build.0 = Release|Any CPU
		{A9997BF6-674E-4CD7-995D-8F81FD10DF4E}.Release|Any CPU.Deploy.0 = Release|Any CPU
		{A9997BF6-674E-4CD7-995D-8F81FD10DF4E}.Release|ARM.ActiveCfg = Release|Any CPU
		{A9997BF6-674E-4CD7-995D-8F81FD10DF4E}.Release|ARM.Build.0 = Release|Any CPU
		{A9997BF6-674E-4CD7-995D-8F81FD10DF4E}.Release|ARM.Deploy.0 = Release|Any CPU
		{A9997BF6-674E-4CD7-995D-8F81FD10DF4E}.Release|iPhone.ActiveCfg = Release|Any CPU
		{A9997BF6-674E-4CD7-995D-8F81FD10DF4E}.Release|iPhone.Build.0 = Release|Any CPU
		{A9997BF6-674E-4CD7-995D-8F81FD10DF4E}.Release|iPhone.Deploy.0 = Release|Any CPU
		{A9997BF6-674E-4CD7-995D-8F81FD10DF4E}.Release|iPhoneSimulator.ActiveCfg = Release|Any CPU
		{A9997BF6-674E-4CD7-995D-8F81FD10DF4E}.Release|iPhoneSimulator.Build.0 = Release|Any CPU
		{A9997BF6-674E-4CD7-995D-8F81FD10DF4E}.Release|iPhoneSimulator.Deploy.0 = Release|Any CPU
		{A9997BF6-674E-4CD7-995D-8F81FD10DF4E}.Release|x64.ActiveCfg = Release|Any CPU
		{A9997BF6-674E-4CD7-995D-8F81FD10DF4E}.Release|x64.Build.0 = Release|Any CPU
		{A9997BF6-674E-4CD7-995D-8F81FD10DF4E}.Release|x64.Deploy.0 = Release|Any CPU
		{A9997BF6-674E-4CD7-995D-8F81FD10DF4E}.Release|x86.ActiveCfg = Release|Any CPU
		{A9997BF6-674E-4CD7-995D-8F81FD10DF4E}.Release|x86.Build.0 = Release|Any CPU
		{A9997BF6-674E-4CD7-995D-8F81FD10DF4E}.Release|x86.Deploy.0 = Release|Any CPU
	EndGlobalSection
	GlobalSection(SolutionProperties) = preSolution
		HideSolutionNode = FALSE
	EndGlobalSection
	GlobalSection(ExtensibilityGlobals) = postSolution
		SolutionGuid = {87CC5557-52E6-42AA-A8F8-FD3A2B662ACD}
	EndGlobalSection
EndGlobal
